
Microsoft Visual Studio Solution File, Format Version 12.00
# Visual Studio Version 17
VisualStudioVersion = 17.9.34607.119
MinimumVisualStudioVersion = 10.0.40219.1
Project("{8BC9CEB8-8B4A-11D0-8D11-00A0C91BC942}") = "154Project4", "154Project4\154Project4.vcxproj", "{C06CDF63-47D7-4EDF-8C25-C787FD0C6410}"
EndProject
Project("{8BC9CEB8-8B4A-11D0-8D11-00A0C91BC942}") = "154WhileLoop", "154WhileLoop\154WhileLoop.vcxproj", "{C18B236D-5EA0-4BB6-AF09-070393E0893E}"
EndProject
Project("{8BC9CEB8-8B4A-11D0-8D11-00A0C91BC942}") = "154DoWhile", "154DoWhile\154DoWhile.vcxproj", "{B985E676-552C-4639-91E3-8FDB8C5D6B6E}"
EndProject
Global
	GlobalSection(SolutionConfigurationPlatforms) = preSolution
		Debug|x64 = Debug|x64
		Debug|x86 = Debug|x86
		Release|x64 = Release|x64
		Release|x86 = Release|x86
	EndGlobalSection
	GlobalSection(ProjectConfigurationPlatforms) = postSolution
		{C06CDF63-47D7-4EDF-8C25-C787FD0C6410}.Debug|x64.ActiveCfg = Debug|x64
		{C06CDF63-47D7-4EDF-8C25-C787FD0C6410}.Debug|x64.Build.0 = Debug|x64
		{C06CDF63-47D7-4EDF-8C25-C787FD0C6410}.Debug|x86.ActiveCfg = Debug|Win32
		{C06CDF63-47D7-4EDF-8C25-C787FD0C6410}.Debug|x86.Build.0 = Debug|Win32
		{C06CDF63-47D7-4EDF-8C25-C787FD0C6410}.Release|x64.ActiveCfg = Release|x64
		{C06CDF63-47D7-4EDF-8C25-C787FD0C6410}.Release|x64.Build.0 = Release|x64
		{C06CDF63-47D7-4EDF-8C25-C787FD0C6410}.Release|x86.ActiveCfg = Release|Win32
		{C06CDF63-47D7-4EDF-8C25-C787FD0C6410}.Release|x86.Build.0 = Release|Win32
		{C18B236D-5EA0-4BB6-AF09-070393E0893E}.Debug|x64.ActiveCfg = Debug|x64
		{C18B236D-5EA0-4BB6-AF09-070393E0893E}.Debug|x64.Build.0 = Debug|x64
		{C18B236D-5EA0-4BB6-AF09-070393E0893E}.Debug|x86.ActiveCfg = Debug|Win32
		{C18B236D-5EA0-4BB6-AF09-070393E0893E}.Debug|x86.Build.0 = Debug|Win32
		{C18B236D-5EA0-4BB6-AF09-070393E0893E}.Release|x64.ActiveCfg = Release|x64
		{C18B236D-5EA0-4BB6-AF09-070393E0893E}.Release|x64.Build.0 = Release|x64
		{C18B236D-5EA0-4BB6-AF09-070393E0893E}.Release|x86.ActiveCfg = Release|Win32
		{C18B236D-5EA0-4BB6-AF09-070393E0893E}.Release|x86.Build.0 = Release|Win32
		{B985E676-552C-4639-91E3-8FDB8C5D6B6E}.Debug|x64.ActiveCfg = Debug|x64
		{B985E676-552C-4639-91E3-8FDB8C5D6B6E}.Debug|x64.Build.0 = Debug|x64
		{B985E676-552C-4639-91E3-8FDB8C5D6B6E}.Debug|x86.ActiveCfg = Debug|Win32
		{B985E676-552C-4639-91E3-8FDB8C5D6B6E}.Debug|x86.Build.0 = Debug|Win32
		{B985E676-552C-4639-91E3-8FDB8C5D6B6E}.Release|x64.ActiveCfg = Release|x64
		{B985E676-552C-4639-91E3-8FDB8C5D6B6E}.Release|x64.Build.0 = Release|x64
		{B985E676-552C-4639-91E3-8FDB8C5D6B6E}.Release|x86.ActiveCfg = Release|Win32
		{B985E676-552C-4639-91E3-8FDB8C5D6B6E}.Release|x86.Build.0 = Release|Win32
	EndGlobalSection
	GlobalSection(SolutionProperties) = preSolution
		HideSolutionNode = FALSE
	EndGlobalSection
	GlobalSection(ExtensibilityGlobals) = postSolution
		SolutionGuid = {8ADD6943-F1E7-4D7D-81B5-623D64E73AC4}
	EndGlobalSection
EndGlobal
